
Microsoft Visual Studio Solution File, Format Version 12.00
# Visual Studio Version 17
VisualStudioVersion = 17.8.34309.116
MinimumVisualStudioVersion = 10.0.40219.1
Project("{FAE04EC0-301F-11D3-BF4B-00C04F79EFBC}") = "Tractus.NdiToHlsFfmpeg", "Tractus.NdiToHlsFfmpeg.csproj", "{C0C2B6BA-F867-40D6-A233-67B7B6AC975E}"
EndProject
Global
	GlobalSection(SolutionConfigurationPlatforms) = preSolution
		Debug|Any CPU = Debug|Any CPU
		Release|Any CPU = Release|Any CPU
	EndGlobalSection
	GlobalSection(ProjectConfigurationPlatforms) = postSolution
		{C0C2B6BA-F867-40D6-A233-67B7B6AC975E}.Debug|Any CPU.ActiveCfg = Debug|Any CPU
		{C0C2B6BA-F867-40D6-A233-67B7B6AC975E}.Debug|Any CPU.Build.0 = Debug|Any CPU
		{C0C2B6BA-F867-40D6-A233-67B7B6AC975E}.Release|Any CPU.ActiveCfg = Release|Any CPU
		{C0C2B6BA-F867-40D6-A233-67B7B6AC975E}.Release|Any CPU.Build.0 = Release|Any CPU
	EndGlobalSection
	GlobalSection(SolutionProperties) = preSolution
		HideSolutionNode = FALSE
	EndGlobalSection
	GlobalSection(ExtensibilityGlobals) = postSolution
		SolutionGuid = {933E2454-0DE1-4C95-A22A-B8BC69E70D0A}
	EndGlobalSection
EndGlobal
